# This file is automatically @generated by Cargo.
# It is not intended for manual editing.
version = 4

[[package]]
name = "command-parser"
version = "0.1.0"

[[package]]
name = "dragon-world-cli"
version = "0.1.0"
dependencies = [
 "command-parser",
 "snapshot",
 "world-core",
 "world-loader",
]

[[package]]
name = "event-store"
version = "0.1.0"
dependencies = [
 "world-core",
]

[[package]]
name = "snapshot"
version = "0.1.0"
dependencies = [
 "world-core",
 "world-loader",
]

[[package]]
name = "world-core"
version = "0.1.0"

[[package]]
name = "world-loader"
version = "0.1.0"
dependencies = [
 "world-core",
]
